{
  "pins" : [
    {
      "identity" : "alamofire",
      "kind" : "remoteSourceControl",
      "location" : "https://github.com/Alamofire/Alamofire.git",
      "state" : {
        "revision" : "78424be314842833c04bc3bef5b72e85fff99204",
        "version" : "5.6.4"
      }
    },
    {
      "identity" : "harmony",
      "kind" : "remoteSourceControl",
      "location" : "https://github.com/JoeMatt/Harmony.git",
      "state" : {
        "revision" : "7b19f6ac602f57165446d5e0ca5701cc355e8f4e",
        "version" : "1.2.4"
      }
    },
    {
      "identity" : "roxas",
      "kind" : "remoteSourceControl",
      "location" : "https://github.com/JoeMatt/Roxas.git",
      "state" : {
        "revision" : "f42626c3b6ac433481a546cb0b6733b90e40991b",
        "version" : "1.2.0"
      }
    },
    {
      "identity" : "swiftydropbox",
      "kind" : "remoteSourceControl",
      "location" : "https://github.com/dropbox/SwiftyDropbox.git",
      "state" : {
        "revision" : "ff2da46242267837818b40ea1062a045840bc944",
        "version" : "9.1.0"
      }
    }
  ],
  "version" : 2
}
