{
  "pins" : [
    {
      "identity" : "alamofire",
      "kind" : "remoteSourceControl",
      "location" : "https://github.com/Alamofire/Alamofire.git",
      "state" : {
        "revision" : "78424be314842833c04bc3bef5b72e85fff99204",
        "version" : "5.6.4"
      }
    },
    {
      "identity" : "harmony",
      "kind" : "remoteSourceControl",
      "location" : "https://github.com/JoeMatt/Harmony.git",
      "state" : {
        "revision" : "2d3df1c9ec5344e397e7a9f372aec1843ec0b856",
        "version" : "1.0.0"
      }
    },
    {
      "identity" : "roxas",
      "kind" : "remoteSourceControl",
      "location" : "https://github.com/JoeMatt/Roxas.git",
      "state" : {
        "revision" : "25c99d86b7f9b663e5c42acbe655f65a07cf2bc9",
        "version" : "1.0.2"
      }
    },
    {
      "identity" : "swiftydropbox",
      "kind" : "remoteSourceControl",
      "location" : "https://github.com/dropbox/SwiftyDropbox.git",
      "state" : {
        "revision" : "ff2da46242267837818b40ea1062a045840bc944",
        "version" : "9.1.0"
      }
    }
  ],
  "version" : 2
}
